
Microsoft Visual Studio Solution File, Format Version 12.00
# Visual Studio Version 17
VisualStudioVersion = 17.7.34221.43
MinimumVisualStudioVersion = 10.0.40219.1
Project("{FAE04EC0-301F-11D3-BF4B-00C04F79EFBC}") = "ExamenCore", "ExamenCore\ExamenCore.csproj", "{08B20972-00B6-40D3-B214-6D67707E32FC}"
EndProject
Global
	GlobalSection(SolutionConfigurationPlatforms) = preSolution
		Debug|Any CPU = Debug|Any CPU
		Release|Any CPU = Release|Any CPU
	EndGlobalSection
	GlobalSection(ProjectConfigurationPlatforms) = postSolution
		{08B20972-00B6-40D3-B214-6D67707E32FC}.Debug|Any CPU.ActiveCfg = Debug|Any CPU
		{08B20972-00B6-40D3-B214-6D67707E32FC}.Debug|Any CPU.Build.0 = Debug|Any CPU
		{08B20972-00B6-40D3-B214-6D67707E32FC}.Release|Any CPU.ActiveCfg = Release|Any CPU
		{08B20972-00B6-40D3-B214-6D67707E32FC}.Release|Any CPU.Build.0 = Release|Any CPU
	EndGlobalSection
	GlobalSection(SolutionProperties) = preSolution
		HideSolutionNode = FALSE
	EndGlobalSection
	GlobalSection(ExtensibilityGlobals) = postSolution
		SolutionGuid = {D22ABA20-01EC-4B05-96CA-C983EAD6A5EC}
	EndGlobalSection
EndGlobal
